
Microsoft Visual Studio Solution File, Format Version 12.00
# Visual Studio 15
VisualStudioVersion = 15.0.26228.9
MinimumVisualStudioVersion = 10.0.40219.1
Project("{FAE04EC0-301F-11D3-BF4B-00C04F79EFBC}") = "PMSoftWeb", "PMSoftWeb\PMSoftWeb.csproj", "{A3891144-7414-433D-9181-EC1142F51E0D}"
EndProject
Project("{FAE04EC0-301F-11D3-BF4B-00C04F79EFBC}") = "PMSoft.DAL", "PMSoft.DAL\PMSoft.DAL.csproj", "{D63BD50E-B7F1-4786-9964-DEBB42E1433E}"
EndProject
Project("{2150E333-8FDC-42A3-9474-1A3956D46DE8}") = "Repository", "Repository", "{F686120D-20EC-4208-B2DE-592CE3170416}"
EndProject
Project("{FAE04EC0-301F-11D3-BF4B-00C04F79EFBC}") = "Respositories", "Project1\Respositories.csproj", "{C4CE0FDD-C6F0-4FA8-811E-932F482D83AE}"
EndProject
Global
	GlobalSection(SolutionConfigurationPlatforms) = preSolution
		Debug|Any CPU = Debug|Any CPU
		Release|Any CPU = Release|Any CPU
	EndGlobalSection
	GlobalSection(ProjectConfigurationPlatforms) = postSolution
		{A3891144-7414-433D-9181-EC1142F51E0D}.Debug|Any CPU.ActiveCfg = Debug|Any CPU
		{A3891144-7414-433D-9181-EC1142F51E0D}.Debug|Any CPU.Build.0 = Debug|Any CPU
		{A3891144-7414-433D-9181-EC1142F51E0D}.Release|Any CPU.ActiveCfg = Release|Any CPU
		{A3891144-7414-433D-9181-EC1142F51E0D}.Release|Any CPU.Build.0 = Release|Any CPU
		{D63BD50E-B7F1-4786-9964-DEBB42E1433E}.Debug|Any CPU.ActiveCfg = Debug|Any CPU
		{D63BD50E-B7F1-4786-9964-DEBB42E1433E}.Debug|Any CPU.Build.0 = Debug|Any CPU
		{D63BD50E-B7F1-4786-9964-DEBB42E1433E}.Release|Any CPU.ActiveCfg = Release|Any CPU
		{D63BD50E-B7F1-4786-9964-DEBB42E1433E}.Release|Any CPU.Build.0 = Release|Any CPU
		{C4CE0FDD-C6F0-4FA8-811E-932F482D83AE}.Debug|Any CPU.ActiveCfg = Debug|Any CPU
		{C4CE0FDD-C6F0-4FA8-811E-932F482D83AE}.Debug|Any CPU.Build.0 = Debug|Any CPU
		{C4CE0FDD-C6F0-4FA8-811E-932F482D83AE}.Release|Any CPU.ActiveCfg = Release|Any CPU
		{C4CE0FDD-C6F0-4FA8-811E-932F482D83AE}.Release|Any CPU.Build.0 = Release|Any CPU
	EndGlobalSection
	GlobalSection(SolutionProperties) = preSolution
		HideSolutionNode = FALSE
	EndGlobalSection
	GlobalSection(NestedProjects) = preSolution
		{C4CE0FDD-C6F0-4FA8-811E-932F482D83AE} = {F686120D-20EC-4208-B2DE-592CE3170416}
	EndGlobalSection
EndGlobal
